<?xml version="1.0" encoding="utf-8"?>
<Project ToolsVersion="4.0" xmlns="http://schemas.microsoft.com/developer/msbuild/2003">
  <ItemGroup>
    <Filter Include="소스 파일">
      <UniqueIdentifier>{4FC737F1-C7A5-4376-A066-2A32D752A2FF}</UniqueIdentifier>
      <Extensions>cpp;c;cc;cxx;c++;cppm;ixx;def;odl;idl;hpj;bat;asm;asmx</Extensions>
    </Filter>
    <Filter Include="리소스 파일">
      <UniqueIdentifier>{67DA6AB6-F800-4c08-8B7A-83BB121AAD01}</UniqueIdentifier>
      <Extensions>rc;ico;cur;bmp;dlg;rc2;rct;bin;rgs;gif;jpg;jpeg;jpe;resx;tiff;tif;png;wav;mfcribbon-ms</Extensions>
    </Filter>
    <Filter Include="소스 파일\00. MainGame">
      <UniqueIdentifier>{1a049f1c-f4d8-46ab-94dc-72bb95a5bea5}</UniqueIdentifier>
    </Filter>
    <Filter Include="소스 파일\99. Headers">
      <UniqueIdentifier>{158c618e-560f-4084-9b62-30ed8187a474}</UniqueIdentifier>
    </Filter>
    <Filter Include="소스 파일\99. Headers\Default">
      <UniqueIdentifier>{e1812b46-18bc-4ad0-8116-d27d2848e8fc}</UniqueIdentifier>
    </Filter>
    <Filter Include="소스 파일\01. Manager">
      <UniqueIdentifier>{83f8e27d-a8c8-4e3e-9f81-d6d527b1b3c0}</UniqueIdentifier>
    </Filter>
    <Filter Include="소스 파일\02. Scene">
      <UniqueIdentifier>{0e9ef22f-1f64-4ad2-8111-347aec130686}</UniqueIdentifier>
    </Filter>
    <Filter Include="소스 파일\02. Scene\Game">
      <UniqueIdentifier>{e4c7a61f-7648-4236-ab09-e2ba9b2808e6}</UniqueIdentifier>
    </Filter>
    <Filter Include="소스 파일\03. Objects">
      <UniqueIdentifier>{7ec8385a-17d6-4d17-969b-ce2d6ef2fd67}</UniqueIdentifier>
    </Filter>
    <Filter Include="소스 파일\03. Objects\Game">
      <UniqueIdentifier>{b6f23b1f-c26f-4a7e-b509-4a60e3fa3c24}</UniqueIdentifier>
    </Filter>
    <Filter Include="소스 파일\04. Resources">
      <UniqueIdentifier>{35d9b602-c790-45c2-bc17-6760202bde27}</UniqueIdentifier>
    </Filter>
    <Filter Include="소스 파일\04. Resources\Game">
      <UniqueIdentifier>{dea565e4-8446-4cd1-8a29-09fcad74408a}</UniqueIdentifier>
    </Filter>
    <Filter Include="소스 파일\03. Objects\Unreal">
      <UniqueIdentifier>{f2d5f1d7-1280-4be5-857f-e4b70565ed24}</UniqueIdentifier>
    </Filter>
    <Filter Include="소스 파일\05. Component">
      <UniqueIdentifier>{62b9515e-0053-4995-92d9-9b452a57db41}</UniqueIdentifier>
    </Filter>
    <Filter Include="소스 파일\05. Component\Game">
      <UniqueIdentifier>{59a99881-9699-48c8-bdb5-84d8f6b1c75b}</UniqueIdentifier>
    </Filter>
    <Filter Include="소스 파일\05. Component\Collision">
      <UniqueIdentifier>{c4d14386-4379-4845-8f19-6da821319efb}</UniqueIdentifier>
    </Filter>
    <Filter Include="소스 파일\05. Component\Camera">
      <UniqueIdentifier>{ef353a2a-8c09-4df9-93e5-9e695db27747}</UniqueIdentifier>
    </Filter>
    <Filter Include="소스 파일\06. UI">
      <UniqueIdentifier>{74ee2c02-feab-497c-96a7-1688ed68f493}</UniqueIdentifier>
    </Filter>
    <Filter Include="소스 파일\06. UI\Game">
      <UniqueIdentifier>{c26e95c0-298a-44e8-80b8-0cd0f753969a}</UniqueIdentifier>
    </Filter>
    <Filter Include="소스 파일\04. Resources\Paper2D">
      <UniqueIdentifier>{9464c853-80b5-41d6-bd94-7f109bb0eb4a}</UniqueIdentifier>
    </Filter>
    <Filter Include="소스 파일\03. Objects\Game\Item">
      <UniqueIdentifier>{fc301704-4000-4eb3-a00e-249a9773a981}</UniqueIdentifier>
    </Filter>
    <Filter Include="소스 파일\03. Objects\Map">
      <UniqueIdentifier>{c567c6e4-0274-4860-a41d-17ac574565c9}</UniqueIdentifier>
    </Filter>
    <Filter Include="소스 파일\03. Objects\Function">
      <UniqueIdentifier>{0bbadbcb-621e-4671-b866-dea40b35efc3}</UniqueIdentifier>
    </Filter>
    <Filter Include="소스 파일\03. Objects\Map\Light">
      <UniqueIdentifier>{8a35ea10-a563-4dfe-ba9d-456c5c614d80}</UniqueIdentifier>
    </Filter>
  </ItemGroup>
  <ItemGroup>
    <ClInclude Include="GameCoding.h">
      <Filter>소스 파일\00. MainGame</Filter>
    </ClInclude>
    <ClInclude Include="framework.h">
      <Filter>소스 파일\99. Headers\Default</Filter>
    </ClInclude>
    <ClInclude Include="Resource.h">
      <Filter>소스 파일\99. Headers\Default</Filter>
    </ClInclude>
    <ClInclude Include="targetver.h">
      <Filter>소스 파일\99. Headers\Default</Filter>
    </ClInclude>
    <ClInclude Include="pch.h">
      <Filter>소스 파일\99. Headers</Filter>
    </ClInclude>
    <ClInclude Include="Types.h">
      <Filter>소스 파일\99. Headers</Filter>
    </ClInclude>
    <ClInclude Include="Defines.h">
      <Filter>소스 파일\99. Headers</Filter>
    </ClInclude>
    <ClInclude Include="Enums.h">
      <Filter>소스 파일\99. Headers</Filter>
    </ClInclude>
    <ClInclude Include="InputManager.h">
      <Filter>소스 파일\01. Manager</Filter>
    </ClInclude>
    <ClInclude Include="TimeManager.h">
      <Filter>소스 파일\01. Manager</Filter>
    </ClInclude>
    <ClInclude Include="Game.h">
      <Filter>소스 파일\00. MainGame</Filter>
    </ClInclude>
    <ClInclude Include="Scene.h">
      <Filter>소스 파일\02. Scene</Filter>
    </ClInclude>
    <ClInclude Include="GameScene.h">
      <Filter>소스 파일\02. Scene\Game</Filter>
    </ClInclude>
    <ClInclude Include="SceneManager.h">
      <Filter>소스 파일\01. Manager</Filter>
    </ClInclude>
    <ClInclude Include="Player.h">
      <Filter>소스 파일\03. Objects\Game</Filter>
    </ClInclude>
    <ClInclude Include="Object.h">
      <Filter>소스 파일\03. Objects</Filter>
    </ClInclude>
    <ClInclude Include="Utils.h">
      <Filter>소스 파일\99. Headers</Filter>
    </ClInclude>
    <ClInclude Include="ResourceManager.h">
      <Filter>소스 파일\01. Manager</Filter>
    </ClInclude>
    <ClInclude Include="ResourceBase.h">
      <Filter>소스 파일\04. Resources</Filter>
    </ClInclude>
    <ClInclude Include="Values.h">
      <Filter>소스 파일\99. Headers</Filter>
    </ClInclude>
    <ClInclude Include="Actor.h">
      <Filter>소스 파일\03. Objects\Unreal</Filter>
    </ClInclude>
    <ClInclude Include="SpriteActor.h">
      <Filter>소스 파일\03. Objects\Unreal</Filter>
    </ClInclude>
    <ClInclude Include="FlipbookActor.h">
      <Filter>소스 파일\03. Objects\Unreal</Filter>
    </ClInclude>
    <ClInclude Include="Component.h">
      <Filter>소스 파일\05. Component</Filter>
    </ClInclude>
    <ClInclude Include="CameraComponent.h">
      <Filter>소스 파일\05. Component\Camera</Filter>
    </ClInclude>
    <ClInclude Include="Collider.h">
      <Filter>소스 파일\05. Component\Collision</Filter>
    </ClInclude>
    <ClInclude Include="BoxCollider.h">
      <Filter>소스 파일\05. Component\Collision</Filter>
    </ClInclude>
    <ClInclude Include="SphereCollider.h">
      <Filter>소스 파일\05. Component\Collision</Filter>
    </ClInclude>
    <ClInclude Include="CollisionManager.h">
      <Filter>소스 파일\01. Manager</Filter>
    </ClInclude>
    <ClInclude Include="UI.h">
      <Filter>소스 파일\06. UI</Filter>
    </ClInclude>
    <ClInclude Include="Button.h">
      <Filter>소스 파일\06. UI</Filter>
    </ClInclude>
    <ClInclude Include="TestButton.h">
      <Filter>소스 파일\06. UI\Game</Filter>
    </ClInclude>
    <ClInclude Include="Panel.h">
      <Filter>소스 파일\06. UI</Filter>
    </ClInclude>
    <ClInclude Include="TestPanel.h">
      <Filter>소스 파일\06. UI\Game</Filter>
    </ClInclude>
    <ClInclude Include="Flipbook.h">
      <Filter>소스 파일\04. Resources\Paper2D</Filter>
    </ClInclude>
    <ClInclude Include="Sprite.h">
      <Filter>소스 파일\04. Resources\Paper2D</Filter>
    </ClInclude>
    <ClInclude Include="Texture.h">
      <Filter>소스 파일\04. Resources\Paper2D</Filter>
    </ClInclude>
    <ClInclude Include="Tilemap.h">
      <Filter>소스 파일\04. Resources\Paper2D</Filter>
    </ClInclude>
    <ClInclude Include="TilemapActor.h">
      <Filter>소스 파일\03. Objects\Unreal</Filter>
    </ClInclude>
    <ClInclude Include="SoundManager.h">
      <Filter>소스 파일\01. Manager</Filter>
    </ClInclude>
    <ClInclude Include="Obstacle.h">
      <Filter>소스 파일\03. Objects\Game</Filter>
    </ClInclude>
    <ClInclude Include="Item.h">
      <Filter>소스 파일\03. Objects\Game\Item</Filter>
    </ClInclude>
    <ClInclude Include="Key.h">
      <Filter>소스 파일\03. Objects\Game\Item</Filter>
    </ClInclude>
    <ClInclude Include="Door.h">
      <Filter>소스 파일\03. Objects\Game</Filter>
    </ClInclude>
    <ClInclude Include="Hall.h">
      <Filter>소스 파일\03. Objects\Map</Filter>
    </ClInclude>
    <ClInclude Include="Room.h">
      <Filter>소스 파일\03. Objects\Map</Filter>
    </ClInclude>
    <ClInclude Include="Stage.h">
      <Filter>소스 파일\03. Objects\Map</Filter>
    </ClInclude>
    <ClInclude Include="Pinocchio.h">
      <Filter>소스 파일\03. Objects\Game</Filter>
    </ClInclude>
    <ClInclude Include="Trap.h">
      <Filter>소스 파일\03. Objects\Game</Filter>
    </ClInclude>
    <ClInclude Include="Closet.h">
      <Filter>소스 파일\03. Objects\Game</Filter>
    </ClInclude>
    <ClInclude Include="Swap_Proto0.1v.h">
      <Filter>소스 파일\03. Objects\Function</Filter>
    </ClInclude>
    <ClInclude Include="SelectStage.h">
      <Filter>소스 파일\03. Objects\Function</Filter>
    </ClInclude>
    <ClInclude Include="Light.h">
      <Filter>소스 파일\03. Objects\Map\Light</Filter>
    </ClInclude>
    <ClInclude Include="Interactionable.h">
      <Filter>소스 파일\03. Objects\Game</Filter>
    </ClInclude>
    <ClInclude Include="Cheese.h">
      <Filter>소스 파일\03. Objects\Game</Filter>
    </ClInclude>
    <ClInclude Include="Mannequin.h">
      <Filter>소스 파일\03. Objects\Game</Filter>
    </ClInclude>
    <ClInclude Include="Doll.h" />
    <ClInclude Include="DollCheck.h" />
    <ClInclude Include="CutScene.h">
      <Filter>소스 파일\02. Scene\Game</Filter>
    </ClInclude>
    <ClInclude Include="TitleScene.h">
      <Filter>소스 파일\02. Scene\Game</Filter>
    </ClInclude>
    <ClInclude Include="DevScene.h">
      <Filter>소스 파일\02. Scene</Filter>
    </ClInclude>
    <ClInclude Include="UISprite.h" />
    <ClInclude Include="UIManager.h" />
    <ClInclude Include="DeadScene.h">
      <Filter>소스 파일\02. Scene\Game</Filter>
    </ClInclude>
    <ClInclude Include="TitleScene.h">
      <Filter>소스 파일\02. Scene\Game</Filter>
    </ClInclude>
    <ClInclude Include="TutorialPanel.h">
      <Filter>소스 파일\06. UI\Game</Filter>
    </ClInclude>
    <ClInclude Include="StrongBox.h" />
    <ClInclude Include="SafePanel.h" />
    <ClInclude Include="EndingScene.h">
      <Filter>소스 파일\02. Scene\Game</Filter>
    </ClInclude>
  </ItemGroup>
  <ItemGroup>
    <ResourceCompile Include="GameCoding.rc">
      <Filter>리소스 파일</Filter>
    </ResourceCompile>
  </ItemGroup>
  <ItemGroup>
    <Image Include="small.ico">
      <Filter>리소스 파일</Filter>
    </Image>
    <Image Include="GameCoding.ico">
      <Filter>리소스 파일</Filter>
    </Image>
  </ItemGroup>
  <ItemGroup>
    <ClCompile Include="GameCoding.cpp">
      <Filter>소스 파일\00. MainGame</Filter>
    </ClCompile>
    <ClCompile Include="pch.cpp">
      <Filter>소스 파일\99. Headers</Filter>
    </ClCompile>
    <ClCompile Include="InputManager.cpp">
      <Filter>소스 파일\01. Manager</Filter>
    </ClCompile>
    <ClCompile Include="TimeManager.cpp">
      <Filter>소스 파일\01. Manager</Filter>
    </ClCompile>
    <ClCompile Include="Game.cpp">
      <Filter>소스 파일\00. MainGame</Filter>
    </ClCompile>
    <ClCompile Include="Scene.cpp">
      <Filter>소스 파일\02. Scene</Filter>
    </ClCompile>
    <ClCompile Include="GameScene.cpp">
      <Filter>소스 파일\02. Scene\Game</Filter>
    </ClCompile>
    <ClCompile Include="SceneManager.cpp">
      <Filter>소스 파일\01. Manager</Filter>
    </ClCompile>
    <ClCompile Include="Player.cpp">
      <Filter>소스 파일\03. Objects\Game</Filter>
    </ClCompile>
    <ClCompile Include="Object.cpp">
      <Filter>소스 파일\03. Objects</Filter>
    </ClCompile>
    <ClCompile Include="Utils.cpp">
      <Filter>소스 파일\99. Headers</Filter>
    </ClCompile>
    <ClCompile Include="ResourceManager.cpp">
      <Filter>소스 파일\01. Manager</Filter>
    </ClCompile>
    <ClCompile Include="ResourceBase.cpp">
      <Filter>소스 파일\04. Resources</Filter>
    </ClCompile>
    <ClCompile Include="Actor.cpp">
      <Filter>소스 파일\03. Objects\Unreal</Filter>
    </ClCompile>
    <ClCompile Include="SpriteActor.cpp">
      <Filter>소스 파일\03. Objects\Unreal</Filter>
    </ClCompile>
    <ClCompile Include="FlipbookActor.cpp">
      <Filter>소스 파일\03. Objects\Unreal</Filter>
    </ClCompile>
    <ClCompile Include="Component.cpp">
      <Filter>소스 파일\05. Component</Filter>
    </ClCompile>
    <ClCompile Include="CameraComponent.cpp">
      <Filter>소스 파일\05. Component\Camera</Filter>
    </ClCompile>
    <ClCompile Include="Collider.cpp">
      <Filter>소스 파일\05. Component\Collision</Filter>
    </ClCompile>
    <ClCompile Include="BoxCollider.cpp">
      <Filter>소스 파일\05. Component\Collision</Filter>
    </ClCompile>
    <ClCompile Include="SphereCollider.cpp">
      <Filter>소스 파일\05. Component\Collision</Filter>
    </ClCompile>
    <ClCompile Include="CollisionManager.cpp">
      <Filter>소스 파일\01. Manager</Filter>
    </ClCompile>
    <ClCompile Include="UI.cpp">
      <Filter>소스 파일\06. UI</Filter>
    </ClCompile>
    <ClCompile Include="Button.cpp">
      <Filter>소스 파일\06. UI</Filter>
    </ClCompile>
    <ClCompile Include="TestButton.cpp">
      <Filter>소스 파일\06. UI\Game</Filter>
    </ClCompile>
    <ClCompile Include="Panel.cpp">
      <Filter>소스 파일\06. UI</Filter>
    </ClCompile>
    <ClCompile Include="TestPanel.cpp">
      <Filter>소스 파일\06. UI\Game</Filter>
    </ClCompile>
    <ClCompile Include="Flipbook.cpp">
      <Filter>소스 파일\04. Resources\Paper2D</Filter>
    </ClCompile>
    <ClCompile Include="Sprite.cpp">
      <Filter>소스 파일\04. Resources\Paper2D</Filter>
    </ClCompile>
    <ClCompile Include="Texture.cpp">
      <Filter>소스 파일\04. Resources\Paper2D</Filter>
    </ClCompile>
    <ClCompile Include="Tilemap.cpp">
      <Filter>소스 파일\04. Resources\Paper2D</Filter>
    </ClCompile>
    <ClCompile Include="TilemapActor.cpp">
      <Filter>소스 파일\03. Objects\Unreal</Filter>
    </ClCompile>
    <ClCompile Include="SoundManager.cpp">
      <Filter>소스 파일\01. Manager</Filter>
    </ClCompile>
    <ClCompile Include="Obstacle.cpp">
      <Filter>소스 파일\03. Objects\Game</Filter>
    </ClCompile>
    <ClCompile Include="Item.cpp">
      <Filter>소스 파일\03. Objects\Game\Item</Filter>
    </ClCompile>
    <ClCompile Include="Key.cpp">
      <Filter>소스 파일\03. Objects\Game\Item</Filter>
    </ClCompile>
    <ClCompile Include="Door.cpp">
      <Filter>소스 파일\03. Objects\Game</Filter>
    </ClCompile>
    <ClCompile Include="Hall.cpp">
      <Filter>소스 파일\03. Objects\Map</Filter>
    </ClCompile>
    <ClCompile Include="Room.cpp">
      <Filter>소스 파일\03. Objects\Map</Filter>
    </ClCompile>
    <ClCompile Include="Stage.cpp">
      <Filter>소스 파일\03. Objects\Map</Filter>
    </ClCompile>
    <ClCompile Include="Pinocchio.cpp">
      <Filter>소스 파일\03. Objects\Game</Filter>
    </ClCompile>
    <ClCompile Include="Closet.cpp">
      <Filter>소스 파일\03. Objects\Game</Filter>
    </ClCompile>
    <ClCompile Include="Trap.cpp">
      <Filter>소스 파일\03. Objects\Game</Filter>
    </ClCompile>
    <ClCompile Include="Swap_Proto0.1v.cpp">
      <Filter>소스 파일\03. Objects\Function</Filter>
    </ClCompile>
    <ClCompile Include="SelectStage.cpp">
      <Filter>소스 파일\03. Objects\Function</Filter>
    </ClCompile>
    <ClCompile Include="Light.cpp">
      <Filter>소스 파일\03. Objects\Map\Light</Filter>
    </ClCompile>
    <ClCompile Include="Interactionable.cpp">
      <Filter>소스 파일\03. Objects\Game</Filter>
    </ClCompile>
    <ClCompile Include="Cheese.cpp">
      <Filter>소스 파일\03. Objects\Game</Filter>
    </ClCompile>
    <ClCompile Include="Mannequin.cpp">
      <Filter>소스 파일\03. Objects\Game</Filter>
    </ClCompile>
    <ClCompile Include="Doll.cpp">
      <Filter>소스 파일</Filter>
    </ClCompile>
    <ClCompile Include="DollCheck.cpp">
      <Filter>소스 파일</Filter>
    </ClCompile>
    <ClCompile Include="CutScene.cpp">
      <Filter>소스 파일\02. Scene\Game</Filter>
    </ClCompile>
    <ClCompile Include="TitleScene.cpp">
      <Filter>소스 파일\02. Scene\Game</Filter>
    </ClCompile>
    <ClCompile Include="DevScene.cpp">
      <Filter>소스 파일\02. Scene</Filter>
    </ClCompile>
    <ClCompile Include="UISprite.cpp">
      <Filter>소스 파일</Filter>
    </ClCompile>
    <ClCompile Include="UIManager.cpp">
      <Filter>소스 파일</Filter>
    </ClCompile>
    <ClCompile Include="DeadScene.cpp">
      <Filter>소스 파일\02. Scene\Game</Filter>
    </ClCompile>
    <ClCompile Include="TitleScene.cpp">
      <Filter>소스 파일\02. Scene\Game</Filter>
    </ClCompile>
    <ClCompile Include="TutorialPanel.cpp">
      <Filter>소스 파일\06. UI\Game</Filter>
    </ClCompile>
    <ClCompile Include="StrongBox.cpp">
      <Filter>소스 파일</Filter>
    </ClCompile>
    <ClCompile Include="SafePanel.cpp">
      <Filter>소스 파일</Filter>
    </ClCompile>
    <ClCompile Include="EndingScene.cpp">
      <Filter>소스 파일\02. Scene\Game</Filter>
    </ClCompile>
  </ItemGroup>
</Project>